
Microsoft Visual Studio Solution File, Format Version 12.00
# Visual Studio Version 17
VisualStudioVersion = 17.5.002.0
MinimumVisualStudioVersion = 10.0.40219.1
Project("{9A19103F-16F7-4668-BE54-9A1E7A4F7556}") = "GrpcHelloWorld", "GrpcHelloWorld.csproj", "{99F2A1F7-47DB-41A9-A5D5-663113FBDCED}"
EndProject
Global
	GlobalSection(SolutionConfigurationPlatforms) = preSolution
		Debug|Any CPU = Debug|Any CPU
		Release|Any CPU = Release|Any CPU
	EndGlobalSection
	GlobalSection(ProjectConfigurationPlatforms) = postSolution
		{99F2A1F7-47DB-41A9-A5D5-663113FBDCED}.Debug|Any CPU.ActiveCfg = Debug|Any CPU
		{99F2A1F7-47DB-41A9-A5D5-663113FBDCED}.Debug|Any CPU.Build.0 = Debug|Any CPU
		{99F2A1F7-47DB-41A9-A5D5-663113FBDCED}.Release|Any CPU.ActiveCfg = Release|Any CPU
		{99F2A1F7-47DB-41A9-A5D5-663113FBDCED}.Release|Any CPU.Build.0 = Release|Any CPU
	EndGlobalSection
	GlobalSection(SolutionProperties) = preSolution
		HideSolutionNode = FALSE
	EndGlobalSection
	GlobalSection(ExtensibilityGlobals) = postSolution
		SolutionGuid = {EF9F3128-79E8-4DDA-9BCB-1D1DE40E143B}
	EndGlobalSection
EndGlobal
